// !$*UTF8*$!
{
	archiveVersion = 1;
	classes = {
	};
	objectVersion = 55;
	objects = {

/* Begin PBXBuildFile section */
		C85BE621279C6701009181DA /* Utilities.swift in Sources */ = {isa = PBXBuildFile; fileRef = C85BE620279C6701009181DA /* Utilities.swift */; };
		C85BE624279C7433009181DA /* GoogleService-Info.plist in Resources */ = {isa = PBXBuildFile; fileRef = C85BE623279C7433009181DA /* GoogleService-Info.plist */; };
		C85BE626279C9481009181DA /* Constants.swift in Sources */ = {isa = PBXBuildFile; fileRef = C85BE625279C9481009181DA /* Constants.swift */; };
		C85BE62A279CD1ED009181DA /* BeKeeperViewController.swift in Sources */ = {isa = PBXBuildFile; fileRef = C85BE629279CD1ED009181DA /* BeKeeperViewController.swift */; };
		C85BE62C279CDE13009181DA /* FindKeeperViewController.swift in Sources */ = {isa = PBXBuildFile; fileRef = C85BE62B279CDE13009181DA /* FindKeeperViewController.swift */; };
		C8D358D7279BB24B00752DE8 /* AppDelegate.swift in Sources */ = {isa = PBXBuildFile; fileRef = C8D358D6279BB24B00752DE8 /* AppDelegate.swift */; };
		C8D358D9279BB24B00752DE8 /* SceneDelegate.swift in Sources */ = {isa = PBXBuildFile; fileRef = C8D358D8279BB24B00752DE8 /* SceneDelegate.swift */; };
		C8D358DB279BB24B00752DE8 /* ViewController.swift in Sources */ = {isa = PBXBuildFile; fileRef = C8D358DA279BB24B00752DE8 /* ViewController.swift */; };
		C8D358DE279BB24B00752DE8 /* Main.storyboard in Resources */ = {isa = PBXBuildFile; fileRef = C8D358DC279BB24B00752DE8 /* Main.storyboard */; };
		C8D358E0279BB25000752DE8 /* Assets.xcassets in Resources */ = {isa = PBXBuildFile; fileRef = C8D358DF279BB25000752DE8 /* Assets.xcassets */; };
		C8D358E3279BB25000752DE8 /* LaunchScreen.storyboard in Resources */ = {isa = PBXBuildFile; fileRef = C8D358E1279BB25000752DE8 /* LaunchScreen.storyboard */; };
		C8D358EB279BB2B600752DE8 /* SignUpViewController.swift in Sources */ = {isa = PBXBuildFile; fileRef = C8D358EA279BB2B500752DE8 /* SignUpViewController.swift */; };
		C8D358ED279BB2C900752DE8 /* LoginViewController.swift in Sources */ = {isa = PBXBuildFile; fileRef = C8D358EC279BB2C900752DE8 /* LoginViewController.swift */; };
		C8D358EF279BB2E100752DE8 /* HomeViewController.swift in Sources */ = {isa = PBXBuildFile; fileRef = C8D358EE279BB2E100752DE8 /* HomeViewController.swift */; };
		F5BF70F78ECC985347413155 /* Pods_Plant_Keeper.framework in Frameworks */ = {isa = PBXBuildFile; fileRef = 716257BE151DBB8458CB6F7A /* Pods_Plant_Keeper.framework */; };
/* End PBXBuildFile section */

/* Begin PBXFileReference section */
		64A0AA95F9EFEAE6CA3D54A1 /* Pods-Plant Keeper.debug.xcconfig */ = {isa = PBXFileReference; includeInIndex = 1; lastKnownFileType = text.xcconfig; name = "Pods-Plant Keeper.debug.xcconfig"; path = "Target Support Files/Pods-Plant Keeper/Pods-Plant Keeper.debug.xcconfig"; sourceTree = "<group>"; };
		716257BE151DBB8458CB6F7A /* Pods_Plant_Keeper.framework */ = {isa = PBXFileReference; explicitFileType = wrapper.framework; includeInIndex = 0; path = Pods_Plant_Keeper.framework; sourceTree = BUILT_PRODUCTS_DIR; };
		C85BE620279C6701009181DA /* Utilities.swift */ = {isa = PBXFileReference; fileEncoding = 4; lastKnownFileType = sourcecode.swift; path = Utilities.swift; sourceTree = "<group>"; };
		C85BE623279C7433009181DA /* GoogleService-Info.plist */ = {isa = PBXFileReference; fileEncoding = 4; lastKnownFileType = text.plist.xml; path = "GoogleService-Info.plist"; sourceTree = "<group>"; };
		C85BE625279C9481009181DA /* Constants.swift */ = {isa = PBXFileReference; lastKnownFileType = sourcecode.swift; path = Constants.swift; sourceTree = "<group>"; };
		C85BE629279CD1ED009181DA /* BeKeeperViewController.swift */ = {isa = PBXFileReference; lastKnownFileType = sourcecode.swift; path = BeKeeperViewController.swift; sourceTree = "<group>"; };
		C85BE62B279CDE13009181DA /* FindKeeperViewController.swift */ = {isa = PBXFileReference; lastKnownFileType = sourcecode.swift; path = FindKeeperViewController.swift; sourceTree = "<group>"; };
		C8D358D3279BB24B00752DE8 /* Plant Keeper.app */ = {isa = PBXFileReference; explicitFileType = wrapper.application; includeInIndex = 0; path = "Plant Keeper.app"; sourceTree = BUILT_PRODUCTS_DIR; };
		C8D358D6279BB24B00752DE8 /* AppDelegate.swift */ = {isa = PBXFileReference; lastKnownFileType = sourcecode.swift; path = AppDelegate.swift; sourceTree = "<group>"; };
		C8D358D8279BB24B00752DE8 /* SceneDelegate.swift */ = {isa = PBXFileReference; lastKnownFileType = sourcecode.swift; path = SceneDelegate.swift; sourceTree = "<group>"; };
		C8D358DA279BB24B00752DE8 /* ViewController.swift */ = {isa = PBXFileReference; lastKnownFileType = sourcecode.swift; path = ViewController.swift; sourceTree = "<group>"; };
		C8D358DD279BB24B00752DE8 /* Base */ = {isa = PBXFileReference; lastKnownFileType = file.storyboard; name = Base; path = Base.lproj/Main.storyboard; sourceTree = "<group>"; };
		C8D358DF279BB25000752DE8 /* Assets.xcassets */ = {isa = PBXFileReference; lastKnownFileType = folder.assetcatalog; path = Assets.xcassets; sourceTree = "<group>"; };
		C8D358E2279BB25000752DE8 /* Base */ = {isa = PBXFileReference; lastKnownFileType = file.storyboard; name = Base; path = Base.lproj/LaunchScreen.storyboard; sourceTree = "<group>"; };
		C8D358E4279BB25000752DE8 /* Info.plist */ = {isa = PBXFileReference; lastKnownFileType = text.plist.xml; path = Info.plist; sourceTree = "<group>"; };
		C8D358EA279BB2B500752DE8 /* SignUpViewController.swift */ = {isa = PBXFileReference; lastKnownFileType = sourcecode.swift; path = SignUpViewController.swift; sourceTree = "<group>"; };
		C8D358EC279BB2C900752DE8 /* LoginViewController.swift */ = {isa = PBXFileReference; lastKnownFileType = sourcecode.swift; path = LoginViewController.swift; sourceTree = "<group>"; };
		C8D358EE279BB2E100752DE8 /* HomeViewController.swift */ = {isa = PBXFileReference; lastKnownFileType = sourcecode.swift; path = HomeViewController.swift; sourceTree = "<group>"; };
		D160446EBDF57525D43051DD /* Pods-Plant Keeper.release.xcconfig */ = {isa = PBXFileReference; includeInIndex = 1; lastKnownFileType = text.xcconfig; name = "Pods-Plant Keeper.release.xcconfig"; path = "Target Support Files/Pods-Plant Keeper/Pods-Plant Keeper.release.xcconfig"; sourceTree = "<group>"; };
/* End PBXFileReference section */

/* Begin PBXFrameworksBuildPhase section */
		C8D358D0279BB24B00752DE8 /* Frameworks */ = {
			isa = PBXFrameworksBuildPhase;
			buildActionMask = 2147483647;
			files = (
				F5BF70F78ECC985347413155 /* Pods_Plant_Keeper.framework in Frameworks */,
			);
			runOnlyForDeploymentPostprocessing = 0;
		};
/* End PBXFrameworksBuildPhase section */

/* Begin PBXGroup section */
		7C6ED2A117722500EF5E993F /* Frameworks */ = {
			isa = PBXGroup;
			children = (
				716257BE151DBB8458CB6F7A /* Pods_Plant_Keeper.framework */,
			);
			name = Frameworks;
			sourceTree = "<group>";
		};
		BA2B0134BA88B1A5FC1D519F /* Pods */ = {
			isa = PBXGroup;
			children = (
				64A0AA95F9EFEAE6CA3D54A1 /* Pods-Plant Keeper.debug.xcconfig */,
				D160446EBDF57525D43051DD /* Pods-Plant Keeper.release.xcconfig */,
			);
			path = Pods;
			sourceTree = "<group>";
		};
		C85BE622279C670E009181DA /* Helpers */ = {
			isa = PBXGroup;
			children = (
				C85BE620279C6701009181DA /* Utilities.swift */,
				C85BE625279C9481009181DA /* Constants.swift */,
			);
			path = Helpers;
			sourceTree = "<group>";
		};
		C8D358CA279BB24B00752DE8 = {
			isa = PBXGroup;
			children = (
				C8D358D5279BB24B00752DE8 /* Plant Keeper */,
				C8D358D4279BB24B00752DE8 /* Products */,
				BA2B0134BA88B1A5FC1D519F /* Pods */,
				7C6ED2A117722500EF5E993F /* Frameworks */,
			);
			sourceTree = "<group>";
		};
		C8D358D4279BB24B00752DE8 /* Products */ = {
			isa = PBXGroup;
			children = (
				C8D358D3279BB24B00752DE8 /* Plant Keeper.app */,
			);
			name = Products;
			sourceTree = "<group>";
		};
		C8D358D5279BB24B00752DE8 /* Plant Keeper */ = {
			isa = PBXGroup;
			children = (
				C85BE622279C670E009181DA /* Helpers */,
				C8D358D8279BB24B00752DE8 /* SceneDelegate.swift */,
				C8D358D6279BB24B00752DE8 /* AppDelegate.swift */,
				C8D358F0279BB2EA00752DE8 /* View Controllers */,
				C8D358DC279BB24B00752DE8 /* Main.storyboard */,
				C8D358DF279BB25000752DE8 /* Assets.xcassets */,
				C8D358E1279BB25000752DE8 /* LaunchScreen.storyboard */,
				C85BE623279C7433009181DA /* GoogleService-Info.plist */,
				C8D358E4279BB25000752DE8 /* Info.plist */,
			);
			path = "Plant Keeper";
			sourceTree = "<group>";
		};
		C8D358F0279BB2EA00752DE8 /* View Controllers */ = {
			isa = PBXGroup;
			children = (
				C8D358EE279BB2E100752DE8 /* HomeViewController.swift */,
				C8D358DA279BB24B00752DE8 /* ViewController.swift */,
				C8D358EA279BB2B500752DE8 /* SignUpViewController.swift */,
				C8D358EC279BB2C900752DE8 /* LoginViewController.swift */,
				C85BE629279CD1ED009181DA /* BeKeeperViewController.swift */,
				C85BE62B279CDE13009181DA /* FindKeeperViewController.swift */,
			);
			path = "View Controllers";
			sourceTree = "<group>";
		};
/* End PBXGroup section */

/* Begin PBXNativeTarget section */
		C8D358D2279BB24B00752DE8 /* Plant Keeper */ = {
			isa = PBXNativeTarget;
			buildConfigurationList = C8D358E7279BB25000752DE8 /* Build configuration list for PBXNativeTarget "Plant Keeper" */;
			buildPhases = (
				CF68B5E3A7EAD2C3138BAC19 /* [CP] Check Pods Manifest.lock */,
				C8D358CF279BB24B00752DE8 /* Sources */,
				C8D358D0279BB24B00752DE8 /* Frameworks */,
				C8D358D1279BB24B00752DE8 /* Resources */,
				E630713F092C3D36C623CE82 /* [CP] Embed Pods Frameworks */,
			);
			buildRules = (
			);
			dependencies = (
			);
			name = "Plant Keeper";
			productName = "Plant Keeper";
			productReference = C8D358D3279BB24B00752DE8 /* Plant Keeper.app */;
			productType = "com.apple.product-type.application";
		};
/* End PBXNativeTarget section */

/* Begin PBXProject section */
		C8D358CB279BB24B00752DE8 /* Project object */ = {
			isa = PBXProject;
			attributes = {
				BuildIndependentTargetsInParallel = 1;
				LastSwiftUpdateCheck = 1310;
				LastUpgradeCheck = 1310;
				TargetAttributes = {
					C8D358D2279BB24B00752DE8 = {
						CreatedOnToolsVersion = 13.1;
					};
				};
			};
			buildConfigurationList = C8D358CE279BB24B00752DE8 /* Build configuration list for PBXProject "Plant Keeper" */;
			compatibilityVersion = "Xcode 13.0";
			developmentRegion = en;
			hasScannedForEncodings = 0;
			knownRegions = (
				en,
				Base,
			);
			mainGroup = C8D358CA279BB24B00752DE8;
			productRefGroup = C8D358D4279BB24B00752DE8 /* Products */;
			projectDirPath = "";
			projectRoot = "";
			targets = (
				C8D358D2279BB24B00752DE8 /* Plant Keeper */,
			);
		};
/* End PBXProject section */

/* Begin PBXResourcesBuildPhase section */
		C8D358D1279BB24B00752DE8 /* Resources */ = {
			isa = PBXResourcesBuildPhase;
			buildActionMask = 2147483647;
			files = (
				C8D358E3279BB25000752DE8 /* LaunchScreen.storyboard in Resources */,
				C85BE624279C7433009181DA /* GoogleService-Info.plist in Resources */,
				C8D358E0279BB25000752DE8 /* Assets.xcassets in Resources */,
				C8D358DE279BB24B00752DE8 /* Main.storyboard in Resources */,
			);
			runOnlyForDeploymentPostprocessing = 0;
		};
/* End PBXResourcesBuildPhase section */

/* Begin PBXShellScriptBuildPhase section */
		CF68B5E3A7EAD2C3138BAC19 /* [CP] Check Pods Manifest.lock */ = {
			isa = PBXShellScriptBuildPhase;
			buildActionMask = 2147483647;
			files = (
			);
			inputFileListPaths = (
			);
			inputPaths = (
				"${PODS_PODFILE_DIR_PATH}/Podfile.lock",
				"${PODS_ROOT}/Manifest.lock",
			);
			name = "[CP] Check Pods Manifest.lock";
			outputFileListPaths = (
			);
			outputPaths = (
				"$(DERIVED_FILE_DIR)/Pods-Plant Keeper-checkManifestLockResult.txt",
			);
			runOnlyForDeploymentPostprocessing = 0;
			shellPath = /bin/sh;
			shellScript = "diff \"${PODS_PODFILE_DIR_PATH}/Podfile.lock\" \"${PODS_ROOT}/Manifest.lock\" > /dev/null\nif [ $? != 0 ] ; then\n    # print error to STDERR\n    echo \"error: The sandbox is not in sync with the Podfile.lock. Run 'pod install' or update your CocoaPods installation.\" >&2\n    exit 1\nfi\n# This output is used by Xcode 'outputs' to avoid re-running this script phase.\necho \"SUCCESS\" > \"${SCRIPT_OUTPUT_FILE_0}\"\n";
			showEnvVarsInLog = 0;
		};
		E630713F092C3D36C623CE82 /* [CP] Embed Pods Frameworks */ = {
			isa = PBXShellScriptBuildPhase;
			buildActionMask = 2147483647;
			files = (
			);
			inputFileListPaths = (
				"${PODS_ROOT}/Target Support Files/Pods-Plant Keeper/Pods-Plant Keeper-frameworks-${CONFIGURATION}-input-files.xcfilelist",
			);
			name = "[CP] Embed Pods Frameworks";
			outputFileListPaths = (
				"${PODS_ROOT}/Target Support Files/Pods-Plant Keeper/Pods-Plant Keeper-frameworks-${CONFIGURATION}-output-files.xcfilelist",
			);
			runOnlyForDeploymentPostprocessing = 0;
			shellPath = /bin/sh;
			shellScript = "\"${PODS_ROOT}/Target Support Files/Pods-Plant Keeper/Pods-Plant Keeper-frameworks.sh\"\n";
			showEnvVarsInLog = 0;
		};
/* End PBXShellScriptBuildPhase section */

/* Begin PBXSourcesBuildPhase section */
		C8D358CF279BB24B00752DE8 /* Sources */ = {
			isa = PBXSourcesBuildPhase;
			buildActionMask = 2147483647;
			files = (
				C8D358DB279BB24B00752DE8 /* ViewController.swift in Sources */,
				C8D358D7279BB24B00752DE8 /* AppDelegate.swift in Sources */,
				C85BE621279C6701009181DA /* Utilities.swift in Sources */,
				C85BE62C279CDE13009181DA /* FindKeeperViewController.swift in Sources */,
				C8D358EB279BB2B600752DE8 /* SignUpViewController.swift in Sources */,
				C8D358ED279BB2C900752DE8 /* LoginViewController.swift in Sources */,
				C8D358D9279BB24B00752DE8 /* SceneDelegate.swift in Sources */,
				C8D358EF279BB2E100752DE8 /* HomeViewController.swift in Sources */,
				C85BE626279C9481009181DA /* Constants.swift in Sources */,
				C85BE62A279CD1ED009181DA /* BeKeeperViewController.swift in Sources */,
			);
			runOnlyForDeploymentPostprocessing = 0;
		};
/* End PBXSourcesBuildPhase section */

/* Begin PBXVariantGroup section */
		C8D358DC279BB24B00752DE8 /* Main.storyboard */ = {
			isa = PBXVariantGroup;
			children = (
				C8D358DD279BB24B00752DE8 /* Base */,
			);
			name = Main.storyboard;
			sourceTree = "<group>";
		};
		C8D358E1279BB25000752DE8 /* LaunchScreen.storyboard */ = {
			isa = PBXVariantGroup;
			children = (
				C8D358E2279BB25000752DE8 /* Base */,
			);
			name = LaunchScreen.storyboard;
			sourceTree = "<group>";
		};
/* End PBXVariantGroup section */

/* Begin XCBuildConfiguration section */
		C8D358E5279BB25000752DE8 /* Debug */ = {
			isa = XCBuildConfiguration;
			buildSettings = {
				ALWAYS_SEARCH_USER_PATHS = NO;
				CLANG_ANALYZER_NONNULL = YES;
				CLANG_ANALYZER_NUMBER_OBJECT_CONVERSION = YES_AGGRESSIVE;
				CLANG_CXX_LANGUAGE_STANDARD = "gnu++17";
				CLANG_CXX_LIBRARY = "libc++";
				CLANG_ENABLE_MODULES = YES;
				CLANG_ENABLE_OBJC_ARC = YES;
				CLANG_ENABLE_OBJC_WEAK = YES;
				CLANG_WARN_BLOCK_CAPTURE_AUTORELEASING = YES;
				CLANG_WARN_BOOL_CONVERSION = YES;
				CLANG_WARN_COMMA = YES;
				CLANG_WARN_CONSTANT_CONVERSION = YES;
				CLANG_WARN_DEPRECATED_OBJC_IMPLEMENTATIONS = YES;
				CLANG_WARN_DIRECT_OBJC_ISA_USAGE = YES_ERROR;
				CLANG_WARN_DOCUMENTATION_COMMENTS = YES;
				CLANG_WARN_EMPTY_BODY = YES;
				CLANG_WARN_ENUM_CONVERSION = YES;
				CLANG_WARN_INFINITE_RECURSION = YES;
				CLANG_WARN_INT_CONVERSION = YES;
				CLANG_WARN_NON_LITERAL_NULL_CONVERSION = YES;
				CLANG_WARN_OBJC_IMPLICIT_RETAIN_SELF = YES;
				CLANG_WARN_OBJC_LITERAL_CONVERSION = YES;
				CLANG_WARN_OBJC_ROOT_CLASS = YES_ERROR;
				CLANG_WARN_QUOTED_INCLUDE_IN_FRAMEWORK_HEADER = YES;
				CLANG_WARN_RANGE_LOOP_ANALYSIS = YES;
				CLANG_WARN_STRICT_PROTOTYPES = YES;
				CLANG_WARN_SUSPICIOUS_MOVE = YES;
				CLANG_WARN_UNGUARDED_AVAILABILITY = YES_AGGRESSIVE;
				CLANG_WARN_UNREACHABLE_CODE = YES;
				CLANG_WARN__DUPLICATE_METHOD_MATCH = YES;
				COPY_PHASE_STRIP = NO;
				DEBUG_INFORMATION_FORMAT = dwarf;
				ENABLE_STRICT_OBJC_MSGSEND = YES;
				ENABLE_TESTABILITY = YES;
				GCC_C_LANGUAGE_STANDARD = gnu11;
				GCC_DYNAMIC_NO_PIC = NO;
				GCC_NO_COMMON_BLOCKS = YES;
				GCC_OPTIMIZATION_LEVEL = 0;
				GCC_PREPROCESSOR_DEFINITIONS = (
					"DEBUG=1",
					"$(inherited)",
				);
				GCC_WARN_64_TO_32_BIT_CONVERSION = YES;
				GCC_WARN_ABOUT_RETURN_TYPE = YES_ERROR;
				GCC_WARN_UNDECLARED_SELECTOR = YES;
				GCC_WARN_UNINITIALIZED_AUTOS = YES_AGGRESSIVE;
				GCC_WARN_UNUSED_FUNCTION = YES;
				GCC_WARN_UNUSED_VARIABLE = YES;
				IPHONEOS_DEPLOYMENT_TARGET = 15.0;
				MTL_ENABLE_DEBUG_INFO = INCLUDE_SOURCE;
				MTL_FAST_MATH = YES;
				ONLY_ACTIVE_ARCH = YES;
				SDKROOT = iphoneos;
				SWIFT_ACTIVE_COMPILATION_CONDITIONS = DEBUG;
				SWIFT_OPTIMIZATION_LEVEL = "-Onone";
			};
			name = Debug;
		};
		C8D358E6279BB25000752DE8 /* Release */ = {
			isa = XCBuildConfiguration;
			buildSettings = {
				ALWAYS_SEARCH_USER_PATHS = NO;
				CLANG_ANALYZER_NONNULL = YES;
				CLANG_ANALYZER_NUMBER_OBJECT_CONVERSION = YES_AGGRESSIVE;
				CLANG_CXX_LANGUAGE_STANDARD = "gnu++17";
				CLANG_CXX_LIBRARY = "libc++";
				CLANG_ENABLE_MODULES = YES;
				CLANG_ENABLE_OBJC_ARC = YES;
				CLANG_ENABLE_OBJC_WEAK = YES;
				CLANG_WARN_BLOCK_CAPTURE_AUTORELEASING = YES;
				CLANG_WARN_BOOL_CONVERSION = YES;
				CLANG_WARN_COMMA = YES;
				CLANG_WARN_CONSTANT_CONVERSION = YES;
				CLANG_WARN_DEPRECATED_OBJC_IMPLEMENTATIONS = YES;
				CLANG_WARN_DIRECT_OBJC_ISA_USAGE = YES_ERROR;
				CLANG_WARN_DOCUMENTATION_COMMENTS = YES;
				CLANG_WARN_EMPTY_BODY = YES;
				CLANG_WARN_ENUM_CONVERSION = YES;
				CLANG_WARN_INFINITE_RECURSION = YES;
				CLANG_WARN_INT_CONVERSION = YES;
				CLANG_WARN_NON_LITERAL_NULL_CONVERSION = YES;
				CLANG_WARN_OBJC_IMPLICIT_RETAIN_SELF = YES;
				CLANG_WARN_OBJC_LITERAL_CONVERSION = YES;
				CLANG_WARN_OBJC_ROOT_CLASS = YES_ERROR;
				CLANG_WARN_QUOTED_INCLUDE_IN_FRAMEWORK_HEADER = YES;
				CLANG_WARN_RANGE_LOOP_ANALYSIS = YES;
				CLANG_WARN_STRICT_PROTOTYPES = YES;
				CLANG_WARN_SUSPICIOUS_MOVE = YES;
				CLANG_WARN_UNGUARDED_AVAILABILITY = YES_AGGRESSIVE;
				CLANG_WARN_UNREACHABLE_CODE = YES;
				CLANG_WARN__DUPLICATE_METHOD_MATCH = YES;
				COPY_PHASE_STRIP = NO;
				DEBUG_INFORMATION_FORMAT = "dwarf-with-dsym";
				ENABLE_NS_ASSERTIONS = NO;
				ENABLE_STRICT_OBJC_MSGSEND = YES;
				GCC_C_LANGUAGE_STANDARD = gnu11;
				GCC_NO_COMMON_BLOCKS = YES;
				GCC_WARN_64_TO_32_BIT_CONVERSION = YES;
				GCC_WARN_ABOUT_RETURN_TYPE = YES_ERROR;
				GCC_WARN_UNDECLARED_SELECTOR = YES;
				GCC_WARN_UNINITIALIZED_AUTOS = YES_AGGRESSIVE;
				GCC_WARN_UNUSED_FUNCTION = YES;
				GCC_WARN_UNUSED_VARIABLE = YES;
				IPHONEOS_DEPLOYMENT_TARGET = 15.0;
				MTL_ENABLE_DEBUG_INFO = NO;
				MTL_FAST_MATH = YES;
				SDKROOT = iphoneos;
				SWIFT_COMPILATION_MODE = wholemodule;
				SWIFT_OPTIMIZATION_LEVEL = "-O";
				VALIDATE_PRODUCT = YES;
			};
			name = Release;
		};
		C8D358E8279BB25000752DE8 /* Debug */ = {
			isa = XCBuildConfiguration;
			baseConfigurationReference = 64A0AA95F9EFEAE6CA3D54A1 /* Pods-Plant Keeper.debug.xcconfig */;
			buildSettings = {
				ASSETCATALOG_COMPILER_APPICON_NAME = AppIcon;
				ASSETCATALOG_COMPILER_GLOBAL_ACCENT_COLOR_NAME = AccentColor;
				CODE_SIGN_STYLE = Automatic;
				CURRENT_PROJECT_VERSION = 1;
				GENERATE_INFOPLIST_FILE = YES;
				INFOPLIST_FILE = "Plant Keeper/Info.plist";
				INFOPLIST_KEY_UIApplicationSupportsIndirectInputEvents = YES;
				INFOPLIST_KEY_UILaunchStoryboardName = LaunchScreen;
				INFOPLIST_KEY_UIMainStoryboardFile = Main;
				INFOPLIST_KEY_UISupportedInterfaceOrientations_iPad = "UIInterfaceOrientationPortrait UIInterfaceOrientationPortraitUpsideDown UIInterfaceOrientationLandscapeLeft UIInterfaceOrientationLandscapeRight";
				INFOPLIST_KEY_UISupportedInterfaceOrientations_iPhone = "UIInterfaceOrientationPortrait UIInterfaceOrientationLandscapeLeft UIInterfaceOrientationLandscapeRight";
				LD_RUNPATH_SEARCH_PATHS = (
					"$(inherited)",
					"@executable_path/Frameworks",
				);
				MARKETING_VERSION = 1.0;
				PRODUCT_BUNDLE_IDENTIFIER = "mchacks.Plant-Keeper";
				PRODUCT_NAME = "$(TARGET_NAME)";
				SWIFT_EMIT_LOC_STRINGS = YES;
				SWIFT_VERSION = 5.0;
				TARGETED_DEVICE_FAMILY = "1,2";
			};
			name = Debug;
		};
		C8D358E9279BB25000752DE8 /* Release */ = {
			isa = XCBuildConfiguration;
			baseConfigurationReference = D160446EBDF57525D43051DD /* Pods-Plant Keeper.release.xcconfig */;
			buildSettings = {
				ASSETCATALOG_COMPILER_APPICON_NAME = AppIcon;
				ASSETCATALOG_COMPILER_GLOBAL_ACCENT_COLOR_NAME = AccentColor;
				CODE_SIGN_STYLE = Automatic;
				CURRENT_PROJECT_VERSION = 1;
				GENERATE_INFOPLIST_FILE = YES;
				INFOPLIST_FILE = "Plant Keeper/Info.plist";
				INFOPLIST_KEY_UIApplicationSupportsIndirectInputEvents = YES;
				INFOPLIST_KEY_UILaunchStoryboardName = LaunchScreen;
				INFOPLIST_KEY_UIMainStoryboardFile = Main;
				INFOPLIST_KEY_UISupportedInterfaceOrientations_iPad = "UIInterfaceOrientationPortrait UIInterfaceOrientationPortraitUpsideDown UIInterfaceOrientationLandscapeLeft UIInterfaceOrientationLandscapeRight";
				INFOPLIST_KEY_UISupportedInterfaceOrientations_iPhone = "UIInterfaceOrientationPortrait UIInterfaceOrientationLandscapeLeft UIInterfaceOrientationLandscapeRight";
				LD_RUNPATH_SEARCH_PATHS = (
					"$(inherited)",
					"@executable_path/Frameworks",
				);
				MARKETING_VERSION = 1.0;
				PRODUCT_BUNDLE_IDENTIFIER = "mchacks.Plant-Keeper";
				PRODUCT_NAME = "$(TARGET_NAME)";
				SWIFT_EMIT_LOC_STRINGS = YES;
				SWIFT_VERSION = 5.0;
				TARGETED_DEVICE_FAMILY = "1,2";
			};
			name = Release;
		};
/* End XCBuildConfiguration section */

/* Begin XCConfigurationList section */
		C8D358CE279BB24B00752DE8 /* Build configuration list for PBXProject "Plant Keeper" */ = {
			isa = XCConfigurationList;
			buildConfigurations = (
				C8D358E5279BB25000752DE8 /* Debug */,
				C8D358E6279BB25000752DE8 /* Release */,
			);
			defaultConfigurationIsVisible = 0;
			defaultConfigurationName = Release;
		};
		C8D358E7279BB25000752DE8 /* Build configuration list for PBXNativeTarget "Plant Keeper" */ = {
			isa = XCConfigurationList;
			buildConfigurations = (
				C8D358E8279BB25000752DE8 /* Debug */,
				C8D358E9279BB25000752DE8 /* Release */,
			);
			defaultConfigurationIsVisible = 0;
			defaultConfigurationName = Release;
		};
/* End XCConfigurationList section */
	};
	rootObject = C8D358CB279BB24B00752DE8 /* Project object */;
}
